
Microsoft Visual Studio Solution File, Format Version 12.00
# Visual Studio Version 17
VisualStudioVersion = 17.10.35013.160
MinimumVisualStudioVersion = 10.0.40219.1
Project("{FAE04EC0-301F-11D3-BF4B-00C04F79EFBC}") = "Grade Calculator", "Grade Calculator.csproj", "{61744C8A-3ECE-4724-867C-99910A53D7CB}"
EndProject
Global
	GlobalSection(SolutionConfigurationPlatforms) = preSolution
		Debug|Any CPU = Debug|Any CPU
		Release|Any CPU = Release|Any CPU
	EndGlobalSection
	GlobalSection(ProjectConfigurationPlatforms) = postSolution
		{61744C8A-3ECE-4724-867C-99910A53D7CB}.Debug|Any CPU.ActiveCfg = Debug|Any CPU
		{61744C8A-3ECE-4724-867C-99910A53D7CB}.Debug|Any CPU.Build.0 = Debug|Any CPU
		{61744C8A-3ECE-4724-867C-99910A53D7CB}.Release|Any CPU.ActiveCfg = Release|Any CPU
		{61744C8A-3ECE-4724-867C-99910A53D7CB}.Release|Any CPU.Build.0 = Release|Any CPU
	EndGlobalSection
	GlobalSection(SolutionProperties) = preSolution
		HideSolutionNode = FALSE
	EndGlobalSection
	GlobalSection(ExtensibilityGlobals) = postSolution
		SolutionGuid = {A5DC6639-AB82-4545-A123-AEB915536BBC}
	EndGlobalSection
EndGlobal
